{
  "name": "windows-sysadmin-prosuite",
  "version": "1.8.8",
  "lockfileVersion": 3,
  "packages": {
    "": {
      "name": "windows-sysadmin-prosuite",
      "version": "1.8.8",
      "license": "MIT",
      "devDependencies": {
        "prettier": "^3.2.5"
      }
    },
    "node_modules/prettier": {
      "version": "3.2.5",
      "resolved": "https://registry.npmjs.org/prettier/-/prettier-3.2.5.tgz",
      "integrity": "sha512-3/GWa9aOC0YeD7LUfvOG2NiDyhOWRvt1k+rcKhOuYnMY24iiCphgneUfJDyFXd6rZCAnuLBv6UeAULtrhT/F4A==",
      "dev": true
    }
  }
}
